
Microsoft Visual Studio Solution File, Format Version 12.00
# Visual Studio Version 17
VisualStudioVersion = 17.3.32825.248
MinimumVisualStudioVersion = 10.0.40219.1
Project("{FAE04EC0-301F-11D3-BF4B-00C04F79EFBC}") = "ArtistyFlorist", "ArtistyFlorist\ArtistyFlorist.csproj", "{B15F6A17-3211-4BA3-AEB5-A421A820EE25}"
EndProject
Global
	GlobalSection(SolutionConfigurationPlatforms) = preSolution
		Debug|Any CPU = Debug|Any CPU
		Release|Any CPU = Release|Any CPU
	EndGlobalSection
	GlobalSection(ProjectConfigurationPlatforms) = postSolution
		{B15F6A17-3211-4BA3-AEB5-A421A820EE25}.Debug|Any CPU.ActiveCfg = Debug|Any CPU
		{B15F6A17-3211-4BA3-AEB5-A421A820EE25}.Debug|Any CPU.Build.0 = Debug|Any CPU
		{B15F6A17-3211-4BA3-AEB5-A421A820EE25}.Release|Any CPU.ActiveCfg = Release|Any CPU
		{B15F6A17-3211-4BA3-AEB5-A421A820EE25}.Release|Any CPU.Build.0 = Release|Any CPU
	EndGlobalSection
	GlobalSection(SolutionProperties) = preSolution
		HideSolutionNode = FALSE
	EndGlobalSection
	GlobalSection(ExtensibilityGlobals) = postSolution
		SolutionGuid = {560DB7E5-1991-4376-A360-0DF7BF76E36E}
	EndGlobalSection
EndGlobal
